
Microsoft Visual Studio Solution File, Format Version 12.00
# Visual Studio Version 17
VisualStudioVersion = 17.13.35919.96 d17.13
MinimumVisualStudioVersion = 10.0.40219.1
Project("{FAE04EC0-301F-11D3-BF4B-00C04F79EFBC}") = "ConsoleApp1", "ConsoleApp1\ConsoleApp1.csproj", "{800F69CE-4D3C-4D8E-BA4D-43027C61B75A}"
EndProject
Global
	GlobalSection(SolutionConfigurationPlatforms) = preSolution
		Debug|Any CPU = Debug|Any CPU
		Release|Any CPU = Release|Any CPU
	EndGlobalSection
	GlobalSection(ProjectConfigurationPlatforms) = postSolution
		{800F69CE-4D3C-4D8E-BA4D-43027C61B75A}.Debug|Any CPU.ActiveCfg = Debug|Any CPU
		{800F69CE-4D3C-4D8E-BA4D-43027C61B75A}.Debug|Any CPU.Build.0 = Debug|Any CPU
		{800F69CE-4D3C-4D8E-BA4D-43027C61B75A}.Release|Any CPU.ActiveCfg = Release|Any CPU
		{800F69CE-4D3C-4D8E-BA4D-43027C61B75A}.Release|Any CPU.Build.0 = Release|Any CPU
	EndGlobalSection
	GlobalSection(SolutionProperties) = preSolution
		HideSolutionNode = FALSE
	EndGlobalSection
	GlobalSection(ExtensibilityGlobals) = postSolution
		SolutionGuid = {40BA59D3-D809-4E45-8118-2B45D2AC5646}
	EndGlobalSection
EndGlobal
